PODS:
  - Bolts/Tasks (1.8.4)
  - Crashlytics (3.8.2):
    - Fabric (~> 1.6.3)
  - Fabric (1.6.9)
  - Flurry-iOS-SDK (7.6.6):
    - Flurry-iOS-SDK/FlurrySDK (= 7.6.6)
  - Flurry-iOS-SDK/FlurrySDK (7.6.6)
  - MZDayPicker (0.0.5)
  - Parse (1.14.2):
    - Bolts/Tasks (~> 1.8)

DEPENDENCIES:
  - Crashlytics
  - Flurry-iOS-SDK
  - MZDayPicker
  - Parse

SPEC REPOS:
  https://github.com/cocoapods/specs.git:
    - Bolts
    - Crashlytics
    - Fabric
    - Flurry-iOS-SDK
    - MZDayPicker
    - Parse

SPEC CHECKSUMS:
  Bolts: 8a7995239dbe724f9cba2248b766d48b7ebdd322
  Crashlytics: 27acca95a01b042a8294291dd6dff27f8f6af6d7
  Fabric: bc5bec42cef4bcf1ee3ce0e218fc518e4b44dfbb
  Flurry-iOS-SDK: 97bbeec09cca666c2f1772f6e161c4f8ccff611e
  MZDayPicker: 8cdcab1d8d3da920a57b1fd4fef5788d289234b2
  Parse: 4335d65f40cb3d43190d723144bbe1afb9c38230

PODFILE CHECKSUM: 3bdc38bb347fc8e23a52e59a195294bd30cc4b1c

COCOAPODS: 1.5.3
