PODS:
  - Bolts (1.1.3)
  - CrashlyticsFramework (2.2.5)
  - FlurrySDK (5.4.0):
    - FlurrySDK/FlurrySDK (= 5.4.0)
  - FlurrySDK/FlurrySDK (5.4.0)
  - MZDayPicker (0.0.5)
  - Parse (1.4.2):
    - Bolts (~> 1.1.3)

DEPENDENCIES:
  - CrashlyticsFramework
  - FlurrySDK
  - MZDayPicker
  - Parse

SPEC CHECKSUMS:
  Bolts: e431c88fd02115d4a34016c2100bbfa4d2d5b146
  CrashlyticsFramework: b742ff736bca84fdde171d854318ea829739ef7b
  FlurrySDK: b58d7061711e13977e3c43b29acfefd80f65f4cd
  MZDayPicker: 8cdcab1d8d3da920a57b1fd4fef5788d289234b2
  Parse: 2de5c9608dff62bab319f1caa39379c3a4704f51

COCOAPODS: 0.38.2
