<?xml version="1.0" encoding="UTF-8"?>
<!DOCTYPE plist PUBLIC "-//Apple//DTD PLIST 1.0//EN" "http://www.apple.com/DTDs/PropertyList-1.0.dtd">
<plist version="1.0">
<dict>
	<key>archiveVersion</key>
	<string>1</string>
	<key>classes</key>
	<dict/>
	<key>objectVersion</key>
	<string>46</string>
	<key>objects</key>
	<dict>
		<key>006EC76A916046F3A152CA44</key>
		<dict>
			<key>explicitFileType</key>
			<string>archive.ar</string>
			<key>includeInIndex</key>
			<string>0</string>
			<key>isa</key>
			<string>PBXFileReference</string>
			<key>path</key>
			<string>libPods.a</string>
			<key>sourceTree</key>
			<string>BUILT_PRODUCTS_DIR</string>
		</dict>
		<key>162AD93B17E6418F00867115</key>
		<dict>
			<key>fileEncoding</key>
			<string>4</string>
			<key>isa</key>
			<string>PBXFileReference</string>
			<key>lastKnownFileType</key>
			<string>sourcecode.c.h</string>
			<key>name</key>
			<string>GAEventCell.h</string>
			<key>path</key>
			<string>../GAEventCell.h</string>
			<key>sourceTree</key>
			<string>&lt;group&gt;</string>
		</dict>
		<key>162AD93C17E6418F00867115</key>
		<dict>
			<key>fileEncoding</key>
			<string>4</string>
			<key>isa</key>
			<string>PBXFileReference</string>
			<key>lastKnownFileType</key>
			<string>sourcecode.c.objc</string>
			<key>name</key>
			<string>GAEventCell.m</string>
			<key>path</key>
			<string>../GAEventCell.m</string>
			<key>sourceTree</key>
			<string>&lt;group&gt;</string>
		</dict>
		<key>162AD93D17E6418F00867115</key>
		<dict>
			<key>fileRef</key>
			<string>162AD93C17E6418F00867115</string>
			<key>isa</key>
			<string>PBXBuildFile</string>
		</dict>
		<key>165D7D3217E638F400CFB87F</key>
		<dict>
			<key>children</key>
			<array>
				<string>16AE9C7817FD27C200626F90</string>
				<string>16AE9C7917FD27C200626F90</string>
				<string>162AD93B17E6418F00867115</string>
				<string>162AD93C17E6418F00867115</string>
				<string>165D7D3317E6393600CFB87F</string>
				<string>165D7D3417E6393600CFB87F</string>
			</array>
			<key>isa</key>
			<string>PBXGroup</string>
			<key>path</key>
			<string>Models</string>
			<key>sourceTree</key>
			<string>&lt;group&gt;</string>
		</dict>
		<key>165D7D3317E6393600CFB87F</key>
		<dict>
			<key>fileEncoding</key>
			<string>4</string>
			<key>isa</key>
			<string>PBXFileReference</string>
			<key>lastKnownFileType</key>
			<string>sourcecode.c.h</string>
			<key>path</key>
			<string>GAEvent.h</string>
			<key>sourceTree</key>
			<string>&lt;group&gt;</string>
		</dict>
		<key>165D7D3417E6393600CFB87F</key>
		<dict>
			<key>fileEncoding</key>
			<string>4</string>
			<key>isa</key>
			<string>PBXFileReference</string>
			<key>lastKnownFileType</key>
			<string>sourcecode.c.objc</string>
			<key>path</key>
			<string>GAEvent.m</string>
			<key>sourceTree</key>
			<string>&lt;group&gt;</string>
		</dict>
		<key>165D7D3517E6393600CFB87F</key>
		<dict>
			<key>fileRef</key>
			<string>165D7D3417E6393600CFB87F</string>
			<key>isa</key>
			<string>PBXBuildFile</string>
		</dict>
		<key>16AE9C7317FD1E8200626F90</key>
		<dict>
			<key>fileEncoding</key>
			<string>4</string>
			<key>isa</key>
			<string>PBXFileReference</string>
			<key>lastKnownFileType</key>
			<string>sourcecode.c.h</string>
			<key>path</key>
			<string>EventDetailViewController.h</string>
			<key>sourceTree</key>
			<string>&lt;group&gt;</string>
		</dict>
		<key>16AE9C7417FD1E8200626F90</key>
		<dict>
			<key>fileEncoding</key>
			<string>4</string>
			<key>isa</key>
			<string>PBXFileReference</string>
			<key>lastKnownFileType</key>
			<string>sourcecode.c.objc</string>
			<key>path</key>
			<string>EventDetailViewController.m</string>
			<key>sourceTree</key>
			<string>&lt;group&gt;</string>
		</dict>
		<key>16AE9C7517FD1E8200626F90</key>
		<dict>
			<key>fileRef</key>
			<string>16AE9C7417FD1E8200626F90</string>
			<key>isa</key>
			<string>PBXBuildFile</string>
		</dict>
		<key>16AE9C7617FD270E00626F90</key>
		<dict>
			<key>isa</key>
			<string>PBXFileReference</string>
			<key>lastKnownFileType</key>
			<string>wrapper.framework</string>
			<key>name</key>
			<string>EventKit.framework</string>
			<key>path</key>
			<string>System/Library/Frameworks/EventKit.framework</string>
			<key>sourceTree</key>
			<string>SDKROOT</string>
		</dict>
		<key>16AE9C7717FD270E00626F90</key>
		<dict>
			<key>fileRef</key>
			<string>16AE9C7617FD270E00626F90</string>
			<key>isa</key>
			<string>PBXBuildFile</string>
		</dict>
		<key>16AE9C7817FD27C200626F90</key>
		<dict>
			<key>fileEncoding</key>
			<string>4</string>
			<key>isa</key>
			<string>PBXFileReference</string>
			<key>lastKnownFileType</key>
			<string>sourcecode.c.h</string>
			<key>name</key>
			<string>EventKitController.h</string>
			<key>path</key>
			<string>../EventKitController.h</string>
			<key>sourceTree</key>
			<string>&lt;group&gt;</string>
		</dict>
		<key>16AE9C7917FD27C200626F90</key>
		<dict>
			<key>fileEncoding</key>
			<string>4</string>
			<key>isa</key>
			<string>PBXFileReference</string>
			<key>lastKnownFileType</key>
			<string>sourcecode.c.objc</string>
			<key>name</key>
			<string>EventKitController.m</string>
			<key>path</key>
			<string>../EventKitController.m</string>
			<key>sourceTree</key>
			<string>&lt;group&gt;</string>
		</dict>
		<key>16AE9C7A17FD27C200626F90</key>
		<dict>
			<key>fileRef</key>
			<string>16AE9C7917FD27C200626F90</string>
			<key>isa</key>
			<string>PBXBuildFile</string>
		</dict>
		<key>16C22F4917FCDA7B00F0C5FE</key>
		<dict>
			<key>isa</key>
			<string>PBXFileReference</string>
			<key>lastKnownFileType</key>
			<string>wrapper.framework</string>
			<key>name</key>
			<string>AudioToolbox.framework</string>
			<key>path</key>
			<string>System/Library/Frameworks/AudioToolbox.framework</string>
			<key>sourceTree</key>
			<string>SDKROOT</string>
		</dict>
		<key>16C22F4B17FCDA8300F0C5FE</key>
		<dict>
			<key>isa</key>
			<string>PBXFileReference</string>
			<key>lastKnownFileType</key>
			<string>wrapper.framework</string>
			<key>name</key>
			<string>CFNetwork.framework</string>
			<key>path</key>
			<string>System/Library/Frameworks/CFNetwork.framework</string>
			<key>sourceTree</key>
			<string>SDKROOT</string>
		</dict>
		<key>16C22F4D17FCDA8D00F0C5FE</key>
		<dict>
			<key>isa</key>
			<string>PBXFileReference</string>
			<key>lastKnownFileType</key>
			<string>wrapper.framework</string>
			<key>name</key>
			<string>CoreLocation.framework</string>
			<key>path</key>
			<string>System/Library/Frameworks/CoreLocation.framework</string>
			<key>sourceTree</key>
			<string>SDKROOT</string>
		</dict>
		<key>16C22F4F17FCDA9800F0C5FE</key>
		<dict>
			<key>isa</key>
			<string>PBXFileReference</string>
			<key>lastKnownFileType</key>
			<string>compiled.mach-o.dylib</string>
			<key>name</key>
			<string>libz.1.1.3.dylib</string>
			<key>path</key>
			<string>usr/lib/libz.1.1.3.dylib</string>
			<key>sourceTree</key>
			<string>SDKROOT</string>
		</dict>
		<key>16C22F5117FCDAA200F0C5FE</key>
		<dict>
			<key>isa</key>
			<string>PBXFileReference</string>
			<key>lastKnownFileType</key>
			<string>wrapper.framework</string>
			<key>name</key>
			<string>MobileCoreServices.framework</string>
			<key>path</key>
			<string>System/Library/Frameworks/MobileCoreServices.framework</string>
			<key>sourceTree</key>
			<string>SDKROOT</string>
		</dict>
		<key>16C22F5317FCDAA700F0C5FE</key>
		<dict>
			<key>isa</key>
			<string>PBXFileReference</string>
			<key>lastKnownFileType</key>
			<string>wrapper.framework</string>
			<key>name</key>
			<string>QuartzCore.framework</string>
			<key>path</key>
			<string>System/Library/Frameworks/QuartzCore.framework</string>
			<key>sourceTree</key>
			<string>SDKROOT</string>
		</dict>
		<key>16C22F5517FCDAB000F0C5FE</key>
		<dict>
			<key>isa</key>
			<string>PBXFileReference</string>
			<key>lastKnownFileType</key>
			<string>wrapper.framework</string>
			<key>name</key>
			<string>Security.framework</string>
			<key>path</key>
			<string>System/Library/Frameworks/Security.framework</string>
			<key>sourceTree</key>
			<string>SDKROOT</string>
		</dict>
		<key>16C22F5917FCDAC000F0C5FE</key>
		<dict>
			<key>isa</key>
			<string>PBXFileReference</string>
			<key>lastKnownFileType</key>
			<string>wrapper.framework</string>
			<key>name</key>
			<string>SystemConfiguration.framework</string>
			<key>path</key>
			<string>System/Library/Frameworks/SystemConfiguration.framework</string>
			<key>sourceTree</key>
			<string>SDKROOT</string>
		</dict>
		<key>16C22F5B17FCF5CD00F0C5FE</key>
		<dict>
			<key>children</key>
			<array>
				<string>16C22F5C17FCF5DF00F0C5FE</string>
				<string>16C22F5D17FCF5DF00F0C5FE</string>
			</array>
			<key>isa</key>
			<string>PBXGroup</string>
			<key>path</key>
			<string>Categories</string>
			<key>sourceTree</key>
			<string>&lt;group&gt;</string>
		</dict>
		<key>16C22F5C17FCF5DF00F0C5FE</key>
		<dict>
			<key>fileEncoding</key>
			<string>4</string>
			<key>isa</key>
			<string>PBXFileReference</string>
			<key>lastKnownFileType</key>
			<string>sourcecode.c.h</string>
			<key>path</key>
			<string>NSDate+GADate.h</string>
			<key>sourceTree</key>
			<string>&lt;group&gt;</string>
		</dict>
		<key>16C22F5D17FCF5DF00F0C5FE</key>
		<dict>
			<key>fileEncoding</key>
			<string>4</string>
			<key>isa</key>
			<string>PBXFileReference</string>
			<key>lastKnownFileType</key>
			<string>sourcecode.c.objc</string>
			<key>path</key>
			<string>NSDate+GADate.m</string>
			<key>sourceTree</key>
			<string>&lt;group&gt;</string>
		</dict>
		<key>16C22F5E17FCF5DF00F0C5FE</key>
		<dict>
			<key>fileRef</key>
			<string>16C22F5D17FCF5DF00F0C5FE</string>
			<key>isa</key>
			<string>PBXBuildFile</string>
		</dict>
		<key>3807189F5E0C022E3CD5FFF6</key>
		<dict>
			<key>includeInIndex</key>
			<string>1</string>
			<key>isa</key>
			<string>PBXFileReference</string>
			<key>lastKnownFileType</key>
			<string>text.xcconfig</string>
			<key>name</key>
			<string>Pods.debug.xcconfig</string>
			<key>path</key>
			<string>Pods/Target Support Files/Pods/Pods.debug.xcconfig</string>
			<key>sourceTree</key>
			<string>&lt;group&gt;</string>
		</dict>
		<key>4F7C2715F4064BE2AF16CF3C</key>
		<dict>
			<key>buildActionMask</key>
			<string>2147483647</string>
			<key>files</key>
			<array/>
			<key>inputPaths</key>
			<array/>
			<key>isa</key>
			<string>PBXShellScriptBuildPhase</string>
			<key>name</key>
			<string>Check Pods Manifest.lock</string>
			<key>outputPaths</key>
			<array/>
			<key>runOnlyForDeploymentPostprocessing</key>
			<string>0</string>
			<key>shellPath</key>
			<string>/bin/sh</string>
			<key>shellScript</key>
			<string>diff "${PODS_ROOT}/../Podfile.lock" "${PODS_ROOT}/Manifest.lock" &gt; /dev/null
if [[ $? != 0 ]] ; then
    cat &lt;&lt; EOM
error: The sandbox is not in sync with the Podfile.lock. Run 'pod install' or update your CocoaPods installation.
EOM
    exit 1
fi
</string>
			<key>showEnvVarsInLog</key>
			<string>0</string>
		</dict>
		<key>6708178D19CA7DA200502DB6</key>
		<dict>
			<key>fileEncoding</key>
			<string>4</string>
			<key>isa</key>
			<string>PBXFileReference</string>
			<key>lastKnownFileType</key>
			<string>text.plist.strings</string>
			<key>path</key>
			<string>strings_private.strings</string>
			<key>sourceTree</key>
			<string>&lt;group&gt;</string>
		</dict>
		<key>6708178F19CA804200502DB6</key>
		<dict>
			<key>fileEncoding</key>
			<string>4</string>
			<key>isa</key>
			<string>PBXFileReference</string>
			<key>lastKnownFileType</key>
			<string>text.plist.strings</string>
			<key>path</key>
			<string>strings_private.strings</string>
			<key>sourceTree</key>
			<string>&lt;group&gt;</string>
		</dict>
		<key>6708179019CA804200502DB6</key>
		<dict>
			<key>fileRef</key>
			<string>6708178F19CA804200502DB6</string>
			<key>isa</key>
			<string>PBXBuildFile</string>
		</dict>
		<key>6708179219CA819700502DB6</key>
		<dict>
			<key>children</key>
			<array>
				<string>8B58DD7317DCFE360041EBD3</string>
				<string>8B58DD7417DCFE360041EBD3</string>
				<string>16AE9C7317FD1E8200626F90</string>
				<string>16AE9C7417FD1E8200626F90</string>
				<string>8B20D8541826D555006E7683</string>
				<string>8B20D8551826D555006E7683</string>
				<string>8B21023C183C4A9700ED3226</string>
				<string>8B21023D183C4A9700ED3226</string>
			</array>
			<key>isa</key>
			<string>PBXGroup</string>
			<key>name</key>
			<string>Controllers</string>
			<key>sourceTree</key>
			<string>&lt;group&gt;</string>
		</dict>
		<key>6708179319CA81A100502DB6</key>
		<dict>
			<key>children</key>
			<array>
				<string>8B58DD6417DCFE360041EBD3</string>
				<string>8B58DD6517DCFE360041EBD3</string>
			</array>
			<key>isa</key>
			<string>PBXGroup</string>
			<key>name</key>
			<string>AppDelegate</string>
			<key>sourceTree</key>
			<string>&lt;group&gt;</string>
		</dict>
		<key>74312910296A0C392300D567</key>
		<dict>
			<key>children</key>
			<array>
				<string>3807189F5E0C022E3CD5FFF6</string>
				<string>9C12FE2ABB4CD1F671575270</string>
			</array>
			<key>isa</key>
			<string>PBXGroup</string>
			<key>name</key>
			<string>Pods</string>
			<key>sourceTree</key>
			<string>&lt;group&gt;</string>
		</dict>
		<key>8B12C6B8185505D9005DD470</key>
		<dict>
			<key>isa</key>
			<string>PBXFileReference</string>
			<key>lastKnownFileType</key>
			<string>wrapper.framework</string>
			<key>name</key>
			<string>MessageUI.framework</string>
			<key>path</key>
			<string>System/Library/Frameworks/MessageUI.framework</string>
			<key>sourceTree</key>
			<string>SDKROOT</string>
		</dict>
		<key>8B19A2071827711500F915D0</key>
		<dict>
			<key>isa</key>
			<string>PBXFileReference</string>
			<key>lastKnownFileType</key>
			<string>folder.assetcatalog</string>
			<key>path</key>
			<string>Images.xcassets</string>
			<key>sourceTree</key>
			<string>&lt;group&gt;</string>
		</dict>
		<key>8B19A2081827711500F915D0</key>
		<dict>
			<key>fileRef</key>
			<string>8B19A2071827711500F915D0</string>
			<key>isa</key>
			<string>PBXBuildFile</string>
		</dict>
		<key>8B20D8541826D555006E7683</key>
		<dict>
			<key>fileEncoding</key>
			<string>4</string>
			<key>isa</key>
			<string>PBXFileReference</string>
			<key>lastKnownFileType</key>
			<string>sourcecode.c.h</string>
			<key>path</key>
			<string>CalendarsViewController.h</string>
			<key>sourceTree</key>
			<string>&lt;group&gt;</string>
		</dict>
		<key>8B20D8551826D555006E7683</key>
		<dict>
			<key>fileEncoding</key>
			<string>4</string>
			<key>isa</key>
			<string>PBXFileReference</string>
			<key>lastKnownFileType</key>
			<string>sourcecode.c.objc</string>
			<key>path</key>
			<string>CalendarsViewController.m</string>
			<key>sourceTree</key>
			<string>&lt;group&gt;</string>
		</dict>
		<key>8B20D8561826D555006E7683</key>
		<dict>
			<key>fileRef</key>
			<string>8B20D8551826D555006E7683</string>
			<key>isa</key>
			<string>PBXBuildFile</string>
		</dict>
		<key>8B21023C183C4A9700ED3226</key>
		<dict>
			<key>fileEncoding</key>
			<string>4</string>
			<key>isa</key>
			<string>PBXFileReference</string>
			<key>lastKnownFileType</key>
			<string>sourcecode.c.h</string>
			<key>path</key>
			<string>SettingsViewController.h</string>
			<key>sourceTree</key>
			<string>&lt;group&gt;</string>
		</dict>
		<key>8B21023D183C4A9700ED3226</key>
		<dict>
			<key>fileEncoding</key>
			<string>4</string>
			<key>isa</key>
			<string>PBXFileReference</string>
			<key>lastKnownFileType</key>
			<string>sourcecode.c.objc</string>
			<key>path</key>
			<string>SettingsViewController.m</string>
			<key>sourceTree</key>
			<string>&lt;group&gt;</string>
		</dict>
		<key>8B21023E183C4A9700ED3226</key>
		<dict>
			<key>fileRef</key>
			<string>8B21023D183C4A9700ED3226</string>
			<key>isa</key>
			<string>PBXBuildFile</string>
		</dict>
		<key>8B58DD4917DCFE360041EBD3</key>
		<dict>
			<key>children</key>
			<array>
				<string>8B58DD5B17DCFE360041EBD3</string>
				<string>8B58DD5417DCFE360041EBD3</string>
				<string>8B58DD5317DCFE360041EBD3</string>
				<string>74312910296A0C392300D567</string>
			</array>
			<key>isa</key>
			<string>PBXGroup</string>
			<key>sourceTree</key>
			<string>&lt;group&gt;</string>
		</dict>
		<key>8B58DD4A17DCFE360041EBD3</key>
		<dict>
			<key>attributes</key>
			<dict>
				<key>LastUpgradeCheck</key>
				<string>0600</string>
				<key>ORGANIZATIONNAME</key>
				<string>Grinnell AppDev</string>
				<key>TargetAttributes</key>
				<dict>
					<key>8B58DD5117DCFE360041EBD3</key>
					<dict>
						<key>DevelopmentTeam</key>
						<string>H69TS4DPUJ</string>
						<key>SystemCapabilities</key>
						<dict>
							<key>com.apple.InAppPurchase</key>
							<dict>
								<key>enabled</key>
								<string>0</string>
							</dict>
						</dict>
					</dict>
				</dict>
			</dict>
			<key>buildConfigurationList</key>
			<string>8B58DD4D17DCFE360041EBD3</string>
			<key>compatibilityVersion</key>
			<string>Xcode 3.2</string>
			<key>developmentRegion</key>
			<string>English</string>
			<key>hasScannedForEncodings</key>
			<string>0</string>
			<key>isa</key>
			<string>PBXProject</string>
			<key>knownRegions</key>
			<array>
				<string>en</string>
			</array>
			<key>mainGroup</key>
			<string>8B58DD4917DCFE360041EBD3</string>
			<key>productRefGroup</key>
			<string>8B58DD5317DCFE360041EBD3</string>
			<key>projectDirPath</key>
			<string></string>
			<key>projectReferences</key>
			<array/>
			<key>projectRoot</key>
			<string></string>
			<key>targets</key>
			<array>
				<string>8B58DD5117DCFE360041EBD3</string>
			</array>
		</dict>
		<key>8B58DD4D17DCFE360041EBD3</key>
		<dict>
			<key>buildConfigurations</key>
			<array>
				<string>8B58DD7617DCFE360041EBD3</string>
				<string>8B58DD7717DCFE360041EBD3</string>
			</array>
			<key>defaultConfigurationIsVisible</key>
			<string>0</string>
			<key>defaultConfigurationName</key>
			<string>Release</string>
			<key>isa</key>
			<string>XCConfigurationList</string>
		</dict>
		<key>8B58DD4E17DCFE360041EBD3</key>
		<dict>
			<key>buildActionMask</key>
			<string>2147483647</string>
			<key>files</key>
			<array>
				<string>8B58DD6217DCFE360041EBD3</string>
				<string>8B58DD6617DCFE360041EBD3</string>
				<string>16C22F5E17FCF5DF00F0C5FE</string>
				<string>8B20D8561826D555006E7683</string>
				<string>165D7D3517E6393600CFB87F</string>
				<string>162AD93D17E6418F00867115</string>
				<string>16AE9C7A17FD27C200626F90</string>
				<string>8B21023E183C4A9700ED3226</string>
				<string>8B58DD7517DCFE360041EBD3</string>
				<string>16AE9C7517FD1E8200626F90</string>
			</array>
			<key>isa</key>
			<string>PBXSourcesBuildPhase</string>
			<key>runOnlyForDeploymentPostprocessing</key>
			<string>0</string>
		</dict>
		<key>8B58DD4F17DCFE360041EBD3</key>
		<dict>
			<key>buildActionMask</key>
			<string>2147483647</string>
			<key>files</key>
			<array>
				<string>D0371F7719C9359000C180BF</string>
				<string>D0371F7619C9352E00C180BF</string>
				<string>D0371F7519C9352800C180BF</string>
				<string>D0371F7319C9352200C180BF</string>
				<string>D0371F7219C9351E00C180BF</string>
				<string>D0371F7119C9351700C180BF</string>
				<string>D0371F7019C9351000C180BF</string>
				<string>D0371F6E19C9350700C180BF</string>
				<string>D0371F6D19C9350200C180BF</string>
				<string>D0371F6C19C934FB00C180BF</string>
				<string>D0371F6B19C934F500C180BF</string>
				<string>16AE9C7717FD270E00626F90</string>
				<string>CAEB22646BFC4240B4536B61</string>
			</array>
			<key>isa</key>
			<string>PBXFrameworksBuildPhase</string>
			<key>runOnlyForDeploymentPostprocessing</key>
			<string>0</string>
		</dict>
		<key>8B58DD5017DCFE360041EBD3</key>
		<dict>
			<key>buildActionMask</key>
			<string>2147483647</string>
			<key>files</key>
			<array>
				<string>8B58DD6017DCFE360041EBD3</string>
				<string>8B19A2081827711500F915D0</string>
				<string>8B58DD6F17DCFE360041EBD3</string>
				<string>6708179019CA804200502DB6</string>
			</array>
			<key>isa</key>
			<string>PBXResourcesBuildPhase</string>
			<key>runOnlyForDeploymentPostprocessing</key>
			<string>0</string>
		</dict>
		<key>8B58DD5117DCFE360041EBD3</key>
		<dict>
			<key>buildConfigurationList</key>
			<string>8B58DD7817DCFE360041EBD3</string>
			<key>buildPhases</key>
			<array>
				<string>4F7C2715F4064BE2AF16CF3C</string>
				<string>8B58DD4E17DCFE360041EBD3</string>
				<string>8B58DD4F17DCFE360041EBD3</string>
				<string>8B58DD5017DCFE360041EBD3</string>
				<string>A8A5BC79BB12484BB775D7BE</string>
				<string>D06AC42819C9328A00ECAAC6</string>
			</array>
			<key>buildRules</key>
			<array/>
			<key>dependencies</key>
			<array/>
			<key>isa</key>
			<string>PBXNativeTarget</string>
			<key>name</key>
			<string>Grinnell-Events-iOS</string>
			<key>productName</key>
			<string>Grinnell-Events-iOS</string>
			<key>productReference</key>
			<string>8B58DD5217DCFE360041EBD3</string>
			<key>productType</key>
			<string>com.apple.product-type.application</string>
		</dict>
		<key>8B58DD5217DCFE360041EBD3</key>
		<dict>
			<key>explicitFileType</key>
			<string>wrapper.application</string>
			<key>includeInIndex</key>
			<string>0</string>
			<key>isa</key>
			<string>PBXFileReference</string>
			<key>path</key>
			<string>Grinnell-Events.app</string>
			<key>sourceTree</key>
			<string>BUILT_PRODUCTS_DIR</string>
		</dict>
		<key>8B58DD5317DCFE360041EBD3</key>
		<dict>
			<key>children</key>
			<array>
				<string>8B58DD5217DCFE360041EBD3</string>
			</array>
			<key>isa</key>
			<string>PBXGroup</string>
			<key>name</key>
			<string>Products</string>
			<key>sourceTree</key>
			<string>&lt;group&gt;</string>
		</dict>
		<key>8B58DD5417DCFE360041EBD3</key>
		<dict>
			<key>children</key>
			<array>
				<string>D0371F7419C9352800C180BF</string>
				<string>D0371F6F19C9351000C180BF</string>
				<string>8B12C6B8185505D9005DD470</string>
				<string>16AE9C7617FD270E00626F90</string>
				<string>16C22F5917FCDAC000F0C5FE</string>
				<string>16C22F5517FCDAB000F0C5FE</string>
				<string>16C22F5317FCDAA700F0C5FE</string>
				<string>16C22F5117FCDAA200F0C5FE</string>
				<string>16C22F4F17FCDA9800F0C5FE</string>
				<string>16C22F4D17FCDA8D00F0C5FE</string>
				<string>16C22F4B17FCDA8300F0C5FE</string>
				<string>16C22F4917FCDA7B00F0C5FE</string>
				<string>8B58DD5517DCFE360041EBD3</string>
				<string>8B58DD5717DCFE360041EBD3</string>
				<string>8B58DD5917DCFE360041EBD3</string>
				<string>006EC76A916046F3A152CA44</string>
			</array>
			<key>isa</key>
			<string>PBXGroup</string>
			<key>name</key>
			<string>Frameworks</string>
			<key>sourceTree</key>
			<string>&lt;group&gt;</string>
		</dict>
		<key>8B58DD5517DCFE360041EBD3</key>
		<dict>
			<key>isa</key>
			<string>PBXFileReference</string>
			<key>lastKnownFileType</key>
			<string>wrapper.framework</string>
			<key>name</key>
			<string>UIKit.framework</string>
			<key>path</key>
			<string>System/Library/Frameworks/UIKit.framework</string>
			<key>sourceTree</key>
			<string>SDKROOT</string>
		</dict>
		<key>8B58DD5717DCFE360041EBD3</key>
		<dict>
			<key>isa</key>
			<string>PBXFileReference</string>
			<key>lastKnownFileType</key>
			<string>wrapper.framework</string>
			<key>name</key>
			<string>Foundation.framework</string>
			<key>path</key>
			<string>System/Library/Frameworks/Foundation.framework</string>
			<key>sourceTree</key>
			<string>SDKROOT</string>
		</dict>
		<key>8B58DD5917DCFE360041EBD3</key>
		<dict>
			<key>isa</key>
			<string>PBXFileReference</string>
			<key>lastKnownFileType</key>
			<string>wrapper.framework</string>
			<key>name</key>
			<string>CoreGraphics.framework</string>
			<key>path</key>
			<string>System/Library/Frameworks/CoreGraphics.framework</string>
			<key>sourceTree</key>
			<string>SDKROOT</string>
		</dict>
		<key>8B58DD5B17DCFE360041EBD3</key>
		<dict>
			<key>children</key>
			<array>
				<string>16C22F5B17FCF5CD00F0C5FE</string>
				<string>165D7D3217E638F400CFB87F</string>
				<string>6708179319CA81A100502DB6</string>
				<string>6708179219CA819700502DB6</string>
				<string>8B19A2071827711500F915D0</string>
				<string>8B58DD6D17DCFE360041EBD3</string>
				<string>8B58DD5C17DCFE360041EBD3</string>
			</array>
			<key>isa</key>
			<string>PBXGroup</string>
			<key>path</key>
			<string>Grinnell-Events-iOS</string>
			<key>sourceTree</key>
			<string>&lt;group&gt;</string>
		</dict>
		<key>8B58DD5C17DCFE360041EBD3</key>
		<dict>
			<key>children</key>
			<array>
				<string>6708178F19CA804200502DB6</string>
				<string>6708178D19CA7DA200502DB6</string>
				<string>8B58DD5D17DCFE360041EBD3</string>
				<string>8B58DD5E17DCFE360041EBD3</string>
				<string>8B58DD6117DCFE360041EBD3</string>
				<string>8B58DD6317DCFE360041EBD3</string>
			</array>
			<key>isa</key>
			<string>PBXGroup</string>
			<key>name</key>
			<string>Supporting Files</string>
			<key>sourceTree</key>
			<string>&lt;group&gt;</string>
		</dict>
		<key>8B58DD5D17DCFE360041EBD3</key>
		<dict>
			<key>isa</key>
			<string>PBXFileReference</string>
			<key>lastKnownFileType</key>
			<string>text.plist.xml</string>
			<key>path</key>
			<string>Grinnell-Events-iOS-Info.plist</string>
			<key>sourceTree</key>
			<string>&lt;group&gt;</string>
		</dict>
		<key>8B58DD5E17DCFE360041EBD3</key>
		<dict>
			<key>children</key>
			<array>
				<string>8B58DD5F17DCFE360041EBD3</string>
			</array>
			<key>isa</key>
			<string>PBXVariantGroup</string>
			<key>name</key>
			<string>InfoPlist.strings</string>
			<key>sourceTree</key>
			<string>&lt;group&gt;</string>
		</dict>
		<key>8B58DD5F17DCFE360041EBD3</key>
		<dict>
			<key>isa</key>
			<string>PBXFileReference</string>
			<key>lastKnownFileType</key>
			<string>text.plist.strings</string>
			<key>name</key>
			<string>en</string>
			<key>path</key>
			<string>en.lproj/InfoPlist.strings</string>
			<key>sourceTree</key>
			<string>&lt;group&gt;</string>
		</dict>
		<key>8B58DD6017DCFE360041EBD3</key>
		<dict>
			<key>fileRef</key>
			<string>8B58DD5E17DCFE360041EBD3</string>
			<key>isa</key>
			<string>PBXBuildFile</string>
		</dict>
		<key>8B58DD6117DCFE360041EBD3</key>
		<dict>
			<key>isa</key>
			<string>PBXFileReference</string>
			<key>lastKnownFileType</key>
			<string>sourcecode.c.objc</string>
			<key>path</key>
			<string>main.m</string>
			<key>sourceTree</key>
			<string>&lt;group&gt;</string>
		</dict>
		<key>8B58DD6217DCFE360041EBD3</key>
		<dict>
			<key>fileRef</key>
			<string>8B58DD6117DCFE360041EBD3</string>
			<key>isa</key>
			<string>PBXBuildFile</string>
		</dict>
		<key>8B58DD6317DCFE360041EBD3</key>
		<dict>
			<key>isa</key>
			<string>PBXFileReference</string>
			<key>lastKnownFileType</key>
			<string>sourcecode.c.h</string>
			<key>path</key>
			<string>Grinnell-Events-iOS-Prefix.pch</string>
			<key>sourceTree</key>
			<string>&lt;group&gt;</string>
		</dict>
		<key>8B58DD6417DCFE360041EBD3</key>
		<dict>
			<key>isa</key>
			<string>PBXFileReference</string>
			<key>lastKnownFileType</key>
			<string>sourcecode.c.h</string>
			<key>path</key>
			<string>AppDelegate.h</string>
			<key>sourceTree</key>
			<string>&lt;group&gt;</string>
		</dict>
		<key>8B58DD6517DCFE360041EBD3</key>
		<dict>
			<key>isa</key>
			<string>PBXFileReference</string>
			<key>lastKnownFileType</key>
			<string>sourcecode.c.objc</string>
			<key>path</key>
			<string>AppDelegate.m</string>
			<key>sourceTree</key>
			<string>&lt;group&gt;</string>
		</dict>
		<key>8B58DD6617DCFE360041EBD3</key>
		<dict>
			<key>fileRef</key>
			<string>8B58DD6517DCFE360041EBD3</string>
			<key>isa</key>
			<string>PBXBuildFile</string>
		</dict>
		<key>8B58DD6D17DCFE360041EBD3</key>
		<dict>
			<key>children</key>
			<array>
				<string>8B58DD6E17DCFE360041EBD3</string>
			</array>
			<key>isa</key>
			<string>PBXVariantGroup</string>
			<key>name</key>
			<string>MainStoryboard_iPhone.storyboard</string>
			<key>sourceTree</key>
			<string>&lt;group&gt;</string>
		</dict>
		<key>8B58DD6E17DCFE360041EBD3</key>
		<dict>
			<key>isa</key>
			<string>PBXFileReference</string>
			<key>lastKnownFileType</key>
			<string>file.storyboard</string>
			<key>name</key>
			<string>en</string>
			<key>path</key>
			<string>en.lproj/MainStoryboard_iPhone.storyboard</string>
			<key>sourceTree</key>
			<string>&lt;group&gt;</string>
		</dict>
		<key>8B58DD6F17DCFE360041EBD3</key>
		<dict>
			<key>fileRef</key>
			<string>8B58DD6D17DCFE360041EBD3</string>
			<key>isa</key>
			<string>PBXBuildFile</string>
		</dict>
		<key>8B58DD7317DCFE360041EBD3</key>
		<dict>
			<key>isa</key>
			<string>PBXFileReference</string>
			<key>lastKnownFileType</key>
			<string>sourcecode.c.h</string>
			<key>path</key>
			<string>ViewController.h</string>
			<key>sourceTree</key>
			<string>&lt;group&gt;</string>
		</dict>
		<key>8B58DD7417DCFE360041EBD3</key>
		<dict>
			<key>isa</key>
			<string>PBXFileReference</string>
			<key>lastKnownFileType</key>
			<string>sourcecode.c.objc</string>
			<key>path</key>
			<string>ViewController.m</string>
			<key>sourceTree</key>
			<string>&lt;group&gt;</string>
		</dict>
		<key>8B58DD7517DCFE360041EBD3</key>
		<dict>
			<key>fileRef</key>
			<string>8B58DD7417DCFE360041EBD3</string>
			<key>isa</key>
			<string>PBXBuildFile</string>
		</dict>
		<key>8B58DD7617DCFE360041EBD3</key>
		<dict>
			<key>buildSettings</key>
			<dict>
				<key>ALWAYS_SEARCH_USER_PATHS</key>
				<string>NO</string>
				<key>CLANG_CXX_LANGUAGE_STANDARD</key>
				<string>gnu++0x</string>
				<key>CLANG_CXX_LIBRARY</key>
				<string>libc++</string>
				<key>CLANG_ENABLE_OBJC_ARC</key>
				<string>YES</string>
				<key>CLANG_WARN_CONSTANT_CONVERSION</key>
				<string>YES</string>
				<key>CLANG_WARN_EMPTY_BODY</key>
				<string>YES</string>
				<key>CLANG_WARN_ENUM_CONVERSION</key>
				<string>YES</string>
				<key>CLANG_WARN_INT_CONVERSION</key>
				<string>YES</string>
				<key>CLANG_WARN__DUPLICATE_METHOD_MATCH</key>
				<string>YES</string>
				<key>CODE_SIGN_IDENTITY[sdk=iphoneos*]</key>
				<string>iPhone Developer</string>
				<key>COPY_PHASE_STRIP</key>
				<string>NO</string>
				<key>GCC_C_LANGUAGE_STANDARD</key>
				<string>gnu99</string>
				<key>GCC_DYNAMIC_NO_PIC</key>
				<string>NO</string>
				<key>GCC_OPTIMIZATION_LEVEL</key>
				<string>0</string>
				<key>GCC_PREPROCESSOR_DEFINITIONS</key>
				<array>
					<string>DEBUG=1</string>
					<string>$(inherited)</string>
				</array>
				<key>GCC_SYMBOLS_PRIVATE_EXTERN</key>
				<string>NO</string>
				<key>GCC_WARN_ABOUT_RETURN_TYPE</key>
				<string>YES</string>
				<key>GCC_WARN_UNINITIALIZED_AUTOS</key>
				<string>YES</string>
				<key>GCC_WARN_UNUSED_VARIABLE</key>
				<string>YES</string>
				<key>IPHONEOS_DEPLOYMENT_TARGET</key>
				<string>8.0</string>
				<key>ONLY_ACTIVE_ARCH</key>
				<string>YES</string>
				<key>SDKROOT</key>
				<string>iphoneos</string>
				<key>TARGETED_DEVICE_FAMILY</key>
				<string>1,2</string>
			</dict>
			<key>isa</key>
			<string>XCBuildConfiguration</string>
			<key>name</key>
			<string>Debug</string>
		</dict>
		<key>8B58DD7717DCFE360041EBD3</key>
		<dict>
			<key>buildSettings</key>
			<dict>
				<key>ALWAYS_SEARCH_USER_PATHS</key>
				<string>NO</string>
				<key>CLANG_CXX_LANGUAGE_STANDARD</key>
				<string>gnu++0x</string>
				<key>CLANG_CXX_LIBRARY</key>
				<string>libc++</string>
				<key>CLANG_ENABLE_OBJC_ARC</key>
				<string>YES</string>
				<key>CLANG_WARN_CONSTANT_CONVERSION</key>
				<string>YES</string>
				<key>CLANG_WARN_EMPTY_BODY</key>
				<string>YES</string>
				<key>CLANG_WARN_ENUM_CONVERSION</key>
				<string>YES</string>
				<key>CLANG_WARN_INT_CONVERSION</key>
				<string>YES</string>
				<key>CLANG_WARN__DUPLICATE_METHOD_MATCH</key>
				<string>YES</string>
				<key>CODE_SIGN_IDENTITY[sdk=iphoneos*]</key>
				<string>iPhone Developer</string>
				<key>COPY_PHASE_STRIP</key>
				<string>YES</string>
				<key>GCC_C_LANGUAGE_STANDARD</key>
				<string>gnu99</string>
				<key>GCC_WARN_ABOUT_RETURN_TYPE</key>
				<string>YES</string>
				<key>GCC_WARN_UNINITIALIZED_AUTOS</key>
				<string>YES</string>
				<key>GCC_WARN_UNUSED_VARIABLE</key>
				<string>YES</string>
				<key>IPHONEOS_DEPLOYMENT_TARGET</key>
				<string>8.0</string>
				<key>OTHER_CFLAGS</key>
				<string>-DNS_BLOCK_ASSERTIONS=1</string>
				<key>SDKROOT</key>
				<string>iphoneos</string>
				<key>TARGETED_DEVICE_FAMILY</key>
				<string>1,2</string>
				<key>VALIDATE_PRODUCT</key>
				<string>YES</string>
			</dict>
			<key>isa</key>
			<string>XCBuildConfiguration</string>
			<key>name</key>
			<string>Release</string>
		</dict>
		<key>8B58DD7817DCFE360041EBD3</key>
		<dict>
			<key>buildConfigurations</key>
			<array>
				<string>8B58DD7917DCFE360041EBD3</string>
				<string>8B58DD7A17DCFE360041EBD3</string>
			</array>
			<key>defaultConfigurationIsVisible</key>
			<string>0</string>
			<key>defaultConfigurationName</key>
			<string>Release</string>
			<key>isa</key>
			<string>XCConfigurationList</string>
		</dict>
		<key>8B58DD7917DCFE360041EBD3</key>
		<dict>
			<key>baseConfigurationReference</key>
			<string>3807189F5E0C022E3CD5FFF6</string>
			<key>buildSettings</key>
			<dict>
				<key>ASSETCATALOG_COMPILER_APPICON_NAME</key>
				<string>AppIcon</string>
				<key>ASSETCATALOG_COMPILER_LAUNCHIMAGE_NAME</key>
				<string>LaunchImage</string>
				<key>CODE_SIGN_IDENTITY</key>
				<string>iPhone Developer</string>
				<key>CODE_SIGN_IDENTITY[sdk=iphoneos*]</key>
				<string>iPhone Developer</string>
				<key>GCC_PRECOMPILE_PREFIX_HEADER</key>
				<string>YES</string>
				<key>GCC_PREFIX_HEADER</key>
				<string>Grinnell-Events-iOS/Grinnell-Events-iOS-Prefix.pch</string>
				<key>INFOPLIST_FILE</key>
				<string>Grinnell-Events-iOS/Grinnell-Events-iOS-Info.plist</string>
				<key>IPHONEOS_DEPLOYMENT_TARGET</key>
				<string>8.0</string>
				<key>PRODUCT_NAME</key>
				<string>Grinnell-Events</string>
				<key>PROVISIONING_PROFILE</key>
				<string></string>
				<key>TARGETED_DEVICE_FAMILY</key>
				<string>1</string>
				<key>WRAPPER_EXTENSION</key>
				<string>app</string>
			</dict>
			<key>isa</key>
			<string>XCBuildConfiguration</string>
			<key>name</key>
			<string>Debug</string>
		</dict>
		<key>8B58DD7A17DCFE360041EBD3</key>
		<dict>
			<key>baseConfigurationReference</key>
			<string>9C12FE2ABB4CD1F671575270</string>
			<key>buildSettings</key>
			<dict>
				<key>ASSETCATALOG_COMPILER_APPICON_NAME</key>
				<string>AppIcon</string>
				<key>ASSETCATALOG_COMPILER_LAUNCHIMAGE_NAME</key>
				<string>LaunchImage</string>
				<key>CODE_SIGN_IDENTITY</key>
				<string>iPhone Developer</string>
				<key>CODE_SIGN_IDENTITY[sdk=iphoneos*]</key>
				<string>iPhone Developer</string>
				<key>GCC_PRECOMPILE_PREFIX_HEADER</key>
				<string>YES</string>
				<key>GCC_PREFIX_HEADER</key>
				<string>Grinnell-Events-iOS/Grinnell-Events-iOS-Prefix.pch</string>
				<key>INFOPLIST_FILE</key>
				<string>Grinnell-Events-iOS/Grinnell-Events-iOS-Info.plist</string>
				<key>IPHONEOS_DEPLOYMENT_TARGET</key>
				<string>8.0</string>
				<key>PRODUCT_NAME</key>
				<string>Grinnell-Events</string>
				<key>PROVISIONING_PROFILE</key>
				<string></string>
				<key>TARGETED_DEVICE_FAMILY</key>
				<string>1</string>
				<key>WRAPPER_EXTENSION</key>
				<string>app</string>
			</dict>
			<key>isa</key>
			<string>XCBuildConfiguration</string>
			<key>name</key>
			<string>Release</string>
		</dict>
		<key>9C12FE2ABB4CD1F671575270</key>
		<dict>
			<key>includeInIndex</key>
			<string>1</string>
			<key>isa</key>
			<string>PBXFileReference</string>
			<key>lastKnownFileType</key>
			<string>text.xcconfig</string>
			<key>name</key>
			<string>Pods.release.xcconfig</string>
			<key>path</key>
			<string>Pods/Target Support Files/Pods/Pods.release.xcconfig</string>
			<key>sourceTree</key>
			<string>&lt;group&gt;</string>
		</dict>
		<key>A8A5BC79BB12484BB775D7BE</key>
		<dict>
			<key>buildActionMask</key>
			<string>2147483647</string>
			<key>files</key>
			<array/>
			<key>inputPaths</key>
			<array/>
			<key>isa</key>
			<string>PBXShellScriptBuildPhase</string>
			<key>name</key>
			<string>Copy Pods Resources</string>
			<key>outputPaths</key>
			<array/>
			<key>runOnlyForDeploymentPostprocessing</key>
			<string>0</string>
			<key>shellPath</key>
			<string>/bin/sh</string>
			<key>shellScript</key>
			<string>"${SRCROOT}/Pods/Target Support Files/Pods/Pods-resources.sh"
</string>
			<key>showEnvVarsInLog</key>
			<string>0</string>
		</dict>
		<key>CAEB22646BFC4240B4536B61</key>
		<dict>
			<key>fileRef</key>
			<string>006EC76A916046F3A152CA44</string>
			<key>isa</key>
			<string>PBXBuildFile</string>
		</dict>
		<key>D0371F6B19C934F500C180BF</key>
		<dict>
			<key>fileRef</key>
			<string>16C22F4917FCDA7B00F0C5FE</string>
			<key>isa</key>
			<string>PBXBuildFile</string>
		</dict>
		<key>D0371F6C19C934FB00C180BF</key>
		<dict>
			<key>fileRef</key>
			<string>16C22F4B17FCDA8300F0C5FE</string>
			<key>isa</key>
			<string>PBXBuildFile</string>
		</dict>
		<key>D0371F6D19C9350200C180BF</key>
		<dict>
			<key>fileRef</key>
			<string>8B58DD5917DCFE360041EBD3</string>
			<key>isa</key>
			<string>PBXBuildFile</string>
		</dict>
		<key>D0371F6E19C9350700C180BF</key>
		<dict>
			<key>fileRef</key>
			<string>16C22F4D17FCDA8D00F0C5FE</string>
			<key>isa</key>
			<string>PBXBuildFile</string>
		</dict>
		<key>D0371F6F19C9351000C180BF</key>
		<dict>
			<key>isa</key>
			<string>PBXFileReference</string>
			<key>lastKnownFileType</key>
			<string>compiled.mach-o.dylib</string>
			<key>name</key>
			<string>libz.dylib</string>
			<key>path</key>
			<string>usr/lib/libz.dylib</string>
			<key>sourceTree</key>
			<string>SDKROOT</string>
		</dict>
		<key>D0371F7019C9351000C180BF</key>
		<dict>
			<key>fileRef</key>
			<string>D0371F6F19C9351000C180BF</string>
			<key>isa</key>
			<string>PBXBuildFile</string>
		</dict>
		<key>D0371F7119C9351700C180BF</key>
		<dict>
			<key>fileRef</key>
			<string>16C22F5117FCDAA200F0C5FE</string>
			<key>isa</key>
			<string>PBXBuildFile</string>
		</dict>
		<key>D0371F7219C9351E00C180BF</key>
		<dict>
			<key>fileRef</key>
			<string>16C22F5317FCDAA700F0C5FE</string>
			<key>isa</key>
			<string>PBXBuildFile</string>
		</dict>
		<key>D0371F7319C9352200C180BF</key>
		<dict>
			<key>fileRef</key>
			<string>16C22F5517FCDAB000F0C5FE</string>
			<key>isa</key>
			<string>PBXBuildFile</string>
		</dict>
		<key>D0371F7419C9352800C180BF</key>
		<dict>
			<key>isa</key>
			<string>PBXFileReference</string>
			<key>lastKnownFileType</key>
			<string>wrapper.framework</string>
			<key>name</key>
			<string>StoreKit.framework</string>
			<key>path</key>
			<string>System/Library/Frameworks/StoreKit.framework</string>
			<key>sourceTree</key>
			<string>SDKROOT</string>
		</dict>
		<key>D0371F7519C9352800C180BF</key>
		<dict>
			<key>fileRef</key>
			<string>D0371F7419C9352800C180BF</string>
			<key>isa</key>
			<string>PBXBuildFile</string>
		</dict>
		<key>D0371F7619C9352E00C180BF</key>
		<dict>
			<key>fileRef</key>
			<string>16C22F5917FCDAC000F0C5FE</string>
			<key>isa</key>
			<string>PBXBuildFile</string>
		</dict>
		<key>D0371F7719C9359000C180BF</key>
		<dict>
			<key>fileRef</key>
			<string>8B12C6B8185505D9005DD470</string>
			<key>isa</key>
			<string>PBXBuildFile</string>
		</dict>
		<key>D06AC42819C9328A00ECAAC6</key>
		<dict>
			<key>buildActionMask</key>
			<string>2147483647</string>
			<key>files</key>
			<array/>
			<key>inputPaths</key>
			<array/>
			<key>isa</key>
			<string>PBXShellScriptBuildPhase</string>
			<key>outputPaths</key>
			<array/>
			<key>runOnlyForDeploymentPostprocessing</key>
			<string>0</string>
			<key>shellPath</key>
			<string>/bin/sh</string>
			<key>shellScript</key>
			<string>${PODS_ROOT}/CrashlyticsFramework/Crashlytics.framework/run 45894d9e8a6bc3b8513651d6de36159e2c836e51 e63db966a2704d736a61d448865ca84d08aaaa601dce5b22725702038b26a699

bN=$(/usr/libexec/PlistBuddy -c "Print CFBundleVersion" "$INFOPLIST_FILE")
bN=$((0x$bN))
bN=$(($bN + 1))
bN=$(printf "%X" $bN)
/usr/libexec/PlistBuddy -c "Set :CFBundleVersion $bN" "$INFOPLIST_FILE"</string>
		</dict>
	</dict>
	<key>rootObject</key>
	<string>8B58DD4A17DCFE360041EBD3</string>
</dict>
</plist>
